// !$*UTF8*$!
{
	archiveVersion = 1;
	classes = {
	};
	objectVersion = 55;
	objects = {

/* Begin PBXBuildFile section */
		688F2C4F2748E18000CFEE59 /* AppDelegate.swift in Sources */ = {isa = PBXBuildFile; fileRef = 688F2C4E2748E18000CFEE59 /* AppDelegate.swift */; };
		688F2C512748E18000CFEE59 /* SceneDelegate.swift in Sources */ = {isa = PBXBuildFile; fileRef = 688F2C502748E18000CFEE59 /* SceneDelegate.swift */; };
		688F2C532748E18000CFEE59 /* ViewController.swift in Sources */ = {isa = PBXBuildFile; fileRef = 688F2C522748E18000CFEE59 /* ViewController.swift */; };
		688F2C562748E18000CFEE59 /* Main.storyboard in Resources */ = {isa = PBXBuildFile; fileRef = 688F2C542748E18000CFEE59 /* Main.storyboard */; };
		688F2C582748E18300CFEE59 /* Assets.xcassets in Resources */ = {isa = PBXBuildFile; fileRef = 688F2C572748E18300CFEE59 /* Assets.xcassets */; };
		688F2C5B2748E18300CFEE59 /* LaunchScreen.storyboard in Resources */ = {isa = PBXBuildFile; fileRef = 688F2C592748E18300CFEE59 /* LaunchScreen.storyboard */; };
		688F2C662748E18300CFEE59 /* camerafilterappTests.swift in Sources */ = {isa = PBXBuildFile; fileRef = 688F2C652748E18300CFEE59 /* camerafilterappTests.swift */; };
		688F2C702748E18300CFEE59 /* camerafilterappUITests.swift in Sources */ = {isa = PBXBuildFile; fileRef = 688F2C6F2748E18300CFEE59 /* camerafilterappUITests.swift */; };
		688F2C722748E18300CFEE59 /* camerafilterappUITestsLaunchTests.swift in Sources */ = {isa = PBXBuildFile; fileRef = 688F2C712748E18300CFEE59 /* camerafilterappUITestsLaunchTests.swift */; };
		688F2C7F2748E37300CFEE59 /* ViewControllerExtension.swift in Sources */ = {isa = PBXBuildFile; fileRef = 688F2C7E2748E37300CFEE59 /* ViewControllerExtension.swift */; };
		688F2C812748E3E900CFEE59 /* CapturedImageView.swift in Sources */ = {isa = PBXBuildFile; fileRef = 688F2C802748E3E900CFEE59 /* CapturedImageView.swift */; };
/* End PBXBuildFile section */

/* Begin PBXContainerItemProxy section */
		688F2C622748E18300CFEE59 /* PBXContainerItemProxy */ = {
			isa = PBXContainerItemProxy;
			containerPortal = 688F2C432748E18000CFEE59 /* Project object */;
			proxyType = 1;
			remoteGlobalIDString = 688F2C4A2748E18000CFEE59;
			remoteInfo = camerafilterapp;
		};
		688F2C6C2748E18300CFEE59 /* PBXContainerItemProxy */ = {
			isa = PBXContainerItemProxy;
			containerPortal = 688F2C432748E18000CFEE59 /* Project object */;
			proxyType = 1;
			remoteGlobalIDString = 688F2C4A2748E18000CFEE59;
			remoteInfo = camerafilterapp;
		};
/* End PBXContainerItemProxy section */

/* Begin PBXFileReference section */
		688F2C4B2748E18000CFEE59 /* camerafilterapp.app */ = {isa = PBXFileReference; explicitFileType = wrapper.application; includeInIndex = 0; path = camerafilterapp.app; sourceTree = BUILT_PRODUCTS_DIR; };
		688F2C4E2748E18000CFEE59 /* AppDelegate.swift */ = {isa = PBXFileReference; lastKnownFileType = sourcecode.swift; path = AppDelegate.swift; sourceTree = "<group>"; };
		688F2C502748E18000CFEE59 /* SceneDelegate.swift */ = {isa = PBXFileReference; lastKnownFileType = sourcecode.swift; path = SceneDelegate.swift; sourceTree = "<group>"; };
		688F2C522748E18000CFEE59 /* ViewController.swift */ = {isa = PBXFileReference; lastKnownFileType = sourcecode.swift; path = ViewController.swift; sourceTree = "<group>"; };
		688F2C552748E18000CFEE59 /* Base */ = {isa = PBXFileReference; lastKnownFileType = file.storyboard; name = Base; path = Base.lproj/Main.storyboard; sourceTree = "<group>"; };
		688F2C572748E18300CFEE59 /* Assets.xcassets */ = {isa = PBXFileReference; lastKnownFileType = folder.assetcatalog; path = Assets.xcassets; sourceTree = "<group>"; };
		688F2C5A2748E18300CFEE59 /* Base */ = {isa = PBXFileReference; lastKnownFileType = file.storyboard; name = Base; path = Base.lproj/LaunchScreen.storyboard; sourceTree = "<group>"; };
		688F2C5C2748E18300CFEE59 /* Info.plist */ = {isa = PBXFileReference; lastKnownFileType = text.plist.xml; path = Info.plist; sourceTree = "<group>"; };
		688F2C612748E18300CFEE59 /* camerafilterappTests.xctest */ = {isa = PBXFileReference; explicitFileType = wrapper.cfbundle; includeInIndex = 0; path = camerafilterappTests.xctest; sourceTree = BUILT_PRODUCTS_DIR; };
		688F2C652748E18300CFEE59 /* camerafilterappTests.swift */ = {isa = PBXFileReference; lastKnownFileType = sourcecode.swift; path = camerafilterappTests.swift; sourceTree = "<group>"; };
		688F2C6B2748E18300CFEE59 /* camerafilterappUITests.xctest */ = {isa = PBXFileReference; explicitFileType = wrapper.cfbundle; includeInIndex = 0; path = camerafilterappUITests.xctest; sourceTree = BUILT_PRODUCTS_DIR; };
		688F2C6F2748E18300CFEE59 /* camerafilterappUITests.swift */ = {isa = PBXFileReference; lastKnownFileType = sourcecode.swift; path = camerafilterappUITests.swift; sourceTree = "<group>"; };
		688F2C712748E18300CFEE59 /* camerafilterappUITestsLaunchTests.swift */ = {isa = PBXFileReference; lastKnownFileType = sourcecode.swift; path = camerafilterappUITestsLaunchTests.swift; sourceTree = "<group>"; };
		688F2C7E2748E37300CFEE59 /* ViewControllerExtension.swift */ = {isa = PBXFileReference; lastKnownFileType = sourcecode.swift; path = ViewControllerExtension.swift; sourceTree = "<group>"; };
		688F2C802748E3E900CFEE59 /* CapturedImageView.swift */ = {isa = PBXFileReference; lastKnownFileType = sourcecode.swift; path = CapturedImageView.swift; sourceTree = "<group>"; };
/* End PBXFileReference section */

/* Begin PBXFrameworksBuildPhase section */
		688F2C482748E18000CFEE59 /* Frameworks */ = {
			isa = PBXFrameworksBuildPhase;
			buildActionMask = 2147483647;
			files = (
			);
			runOnlyForDeploymentPostprocessing = 0;
		};
		688F2C5E2748E18300CFEE59 /* Frameworks */ = {
			isa = PBXFrameworksBuildPhase;
			buildActionMask = 2147483647;
			files = (
			);
			runOnlyForDeploymentPostprocessing = 0;
		};
		688F2C682748E18300CFEE59 /* Frameworks */ = {
			isa = PBXFrameworksBuildPhase;
			buildActionMask = 2147483647;
			files = (
			);
			runOnlyForDeploymentPostprocessing = 0;
		};
/* End PBXFrameworksBuildPhase section */

/* Begin PBXGroup section */
		688F2C422748E18000CFEE59 = {
			isa = PBXGroup;
			children = (
				688F2C4D2748E18000CFEE59 /* camerafilterapp */,
				688F2C642748E18300CFEE59 /* camerafilterappTests */,
				688F2C6E2748E18300CFEE59 /* camerafilterappUITests */,
				688F2C4C2748E18000CFEE59 /* Products */,
			);
			sourceTree = "<group>";
		};
		688F2C4C2748E18000CFEE59 /* Products */ = {
			isa = PBXGroup;
			children = (
				688F2C4B2748E18000CFEE59 /* camerafilterapp.app */,
				688F2C612748E18300CFEE59 /* camerafilterappTests.xctest */,
				688F2C6B2748E18300CFEE59 /* camerafilterappUITests.xctest */,
			);
			name = Products;
			sourceTree = "<group>";
		};
		688F2C4D2748E18000CFEE59 /* camerafilterapp */ = {
			isa = PBXGroup;
			children = (
				688F2C4E2748E18000CFEE59 /* AppDelegate.swift */,
				688F2C502748E18000CFEE59 /* SceneDelegate.swift */,
				688F2C522748E18000CFEE59 /* ViewController.swift */,
				688F2C7E2748E37300CFEE59 /* ViewControllerExtension.swift */,
				688F2C802748E3E900CFEE59 /* CapturedImageView.swift */,
				688F2C542748E18000CFEE59 /* Main.storyboard */,
				688F2C572748E18300CFEE59 /* Assets.xcassets */,
				688F2C592748E18300CFEE59 /* LaunchScreen.storyboard */,
				688F2C5C2748E18300CFEE59 /* Info.plist */,
			);
			path = camerafilterapp;
			sourceTree = "<group>";
		};
		688F2C642748E18300CFEE59 /* camerafilterappTests */ = {
			isa = PBXGroup;
			children = (
				688F2C652748E18300CFEE59 /* camerafilterappTests.swift */,
			);
			path = camerafilterappTests;
			sourceTree = "<group>";
		};
		688F2C6E2748E18300CFEE59 /* camerafilterappUITests */ = {
			isa = PBXGroup;
			children = (
				688F2C6F2748E18300CFEE59 /* camerafilterappUITests.swift */,
				688F2C712748E18300CFEE59 /* camerafilterappUITestsLaunchTests.swift */,
			);
			path = camerafilterappUITests;
			sourceTree = "<group>";
		};
/* End PBXGroup section */

/* Begin PBXNativeTarget section */
		688F2C4A2748E18000CFEE59 /* camerafilterapp */ = {
			isa = PBXNativeTarget;
			buildConfigurationList = 688F2C752748E18300CFEE59 /* Build configuration list for PBXNativeTarget "camerafilterapp" */;
			buildPhases = (
				688F2C472748E18000CFEE59 /* Sources */,
				688F2C482748E18000CFEE59 /* Frameworks */,
				688F2C492748E18000CFEE59 /* Resources */,
			);
			buildRules = (
			);
			dependencies = (
			);
			name = camerafilterapp;
			productName = camerafilterapp;
			productReference = 688F2C4B2748E18000CFEE59 /* camerafilterapp.app */;
			productType = "com.apple.product-type.application";
		};
		688F2C602748E18300CFEE59 /* camerafilterappTests */ = {
			isa = PBXNativeTarget;
			buildConfigurationList = 688F2C782748E18300CFEE59 /* Build configuration list for PBXNativeTarget "camerafilterappTests" */;
			buildPhases = (
				688F2C5D2748E18300CFEE59 /* Sources */,
				688F2C5E2748E18300CFEE59 /* Frameworks */,
				688F2C5F2748E18300CFEE59 /* Resources */,
			);
			buildRules = (
			);
			dependencies = (
				688F2C632748E18300CFEE59 /* PBXTargetDependency */,
			);
			name = camerafilterappTests;
			productName = camerafilterappTests;
			productReference = 688F2C612748E18300CFEE59 /* camerafilterappTests.xctest */;
			productType = "com.apple.product-type.bundle.unit-test";
		};
		688F2C6A2748E18300CFEE59 /* camerafilterappUITests */ = {
			isa = PBXNativeTarget;
			buildConfigurationList = 688F2C7B2748E18300CFEE59 /* Build configuration list for PBXNativeTarget "camerafilterappUITests" */;
			buildPhases = (
				688F2C672748E18300CFEE59 /* Sources */,
				688F2C682748E18300CFEE59 /* Frameworks */,
				688F2C692748E18300CFEE59 /* Resources */,
			);
			buildRules = (
			);
			dependencies = (
				688F2C6D2748E18300CFEE59 /* PBXTargetDependency */,
			);
			name = camerafilterappUITests;
			productName = camerafilterappUITests;
			productReference = 688F2C6B2748E18300CFEE59 /* camerafilterappUITests.xctest */;
			productType = "com.apple.product-type.bundle.ui-testing";
		};
/* End PBXNativeTarget section */

/* Begin PBXProject section */
		688F2C432748E18000CFEE59 /* Project object */ = {
			isa = PBXProject;
			attributes = {
				BuildIndependentTargetsInParallel = 1;
				LastSwiftUpdateCheck = 1310;
				LastUpgradeCheck = 1310;
				TargetAttributes = {
					688F2C4A2748E18000CFEE59 = {
						CreatedOnToolsVersion = 13.1;
					};
					688F2C602748E18300CFEE59 = {
						CreatedOnToolsVersion = 13.1;
						TestTargetID = 688F2C4A2748E18000CFEE59;
					};
					688F2C6A2748E18300CFEE59 = {
						CreatedOnToolsVersion = 13.1;
						TestTargetID = 688F2C4A2748E18000CFEE59;
					};
				};
			};
			buildConfigurationList = 688F2C462748E18000CFEE59 /* Build configuration list for PBXProject "camerafilterapp" */;
			compatibilityVersion = "Xcode 13.0";
			developmentRegion = en;
			hasScannedForEncodings = 0;
			knownRegions = (
				en,
				Base,
			);
			mainGroup = 688F2C422748E18000CFEE59;
			productRefGroup = 688F2C4C2748E18000CFEE59 /* Products */;
			projectDirPath = "";
			projectRoot = "";
			targets = (
				688F2C4A2748E18000CFEE59 /* camerafilterapp */,
				688F2C602748E18300CFEE59 /* camerafilterappTests */,
				688F2C6A2748E18300CFEE59 /* camerafilterappUITests */,
			);
		};
/* End PBXProject section */

/* Begin PBXResourcesBuildPhase section */
		688F2C492748E18000CFEE59 /* Resources */ = {
			isa = PBXResourcesBuildPhase;
			buildActionMask = 2147483647;
			files = (
				688F2C5B2748E18300CFEE59 /* LaunchScreen.storyboard in Resources */,
				688F2C582748E18300CFEE59 /* Assets.xcassets in Resources */,
				688F2C562748E18000CFEE59 /* Main.storyboard in Resources */,
			);
			runOnlyForDeploymentPostprocessing = 0;
		};
		688F2C5F2748E18300CFEE59 /* Resources */ = {
			isa = PBXResourcesBuildPhase;
			buildActionMask = 2147483647;
			files = (
			);
			runOnlyForDeploymentPostprocessing = 0;
		};
		688F2C692748E18300CFEE59 /* Resources */ = {
			isa = PBXResourcesBuildPhase;
			buildActionMask = 2147483647;
			files = (
			);
			runOnlyForDeploymentPostprocessing = 0;
		};
/* End PBXResourcesBuildPhase section */

/* Begin PBXSourcesBuildPhase section */
		688F2C472748E18000CFEE59 /* Sources */ = {
			isa = PBXSourcesBuildPhase;
			buildActionMask = 2147483647;
			files = (
				688F2C7F2748E37300CFEE59 /* ViewControllerExtension.swift in Sources */,
				688F2C532748E18000CFEE59 /* ViewController.swift in Sources */,
				688F2C812748E3E900CFEE59 /* CapturedImageView.swift in Sources */,
				688F2C4F2748E18000CFEE59 /* AppDelegate.swift in Sources */,
				688F2C512748E18000CFEE59 /* SceneDelegate.swift in Sources */,
			);
			runOnlyForDeploymentPostprocessing = 0;
		};
		688F2C5D2748E18300CFEE59 /* Sources */ = {
			isa = PBXSourcesBuildPhase;
			buildActionMask = 2147483647;
			files = (
				688F2C662748E18300CFEE59 /* camerafilterappTests.swift in Sources */,
			);
			runOnlyForDeploymentPostprocessing = 0;
		};
		688F2C672748E18300CFEE59 /* Sources */ = {
			isa = PBXSourcesBuildPhase;
			buildActionMask = 2147483647;
			files = (
				688F2C702748E18300CFEE59 /* camerafilterappUITests.swift in Sources */,
				688F2C722748E18300CFEE59 /* camerafilterappUITestsLaunchTests.swift in Sources */,
			);
			runOnlyForDeploymentPostprocessing = 0;
		};
/* End PBXSourcesBuildPhase section */

/* Begin PBXTargetDependency section */
		688F2C632748E18300CFEE59 /* PBXTargetDependency */ = {
			isa = PBXTargetDependency;
			target = 688F2C4A2748E18000CFEE59 /* camerafilterapp */;
			targetProxy = 688F2C622748E18300CFEE59 /* PBXContainerItemProxy */;
		};
		688F2C6D2748E18300CFEE59 /* PBXTargetDependency */ = {
			isa = PBXTargetDependency;
			target = 688F2C4A2748E18000CFEE59 /* camerafilterapp */;
			targetProxy = 688F2C6C2748E18300CFEE59 /* PBXContainerItemProxy */;
		};
/* End PBXTargetDependency section */

/* Begin PBXVariantGroup section */
		688F2C542748E18000CFEE59 /* Main.storyboard */ = {
			isa = PBXVariantGroup;
			children = (
				688F2C552748E18000CFEE59 /* Base */,
			);
			name = Main.storyboard;
			sourceTree = "<group>";
		};
		688F2C592748E18300CFEE59 /* LaunchScreen.storyboard */ = {
			isa = PBXVariantGroup;
			children = (
				688F2C5A2748E18300CFEE59 /* Base */,
			);
			name = LaunchScreen.storyboard;
			sourceTree = "<group>";
		};
/* End PBXVariantGroup section */

/* Begin XCBuildConfiguration section */
		688F2C732748E18300CFEE59 /* Debug */ = {
			isa = XCBuildConfiguration;
			buildSettings = {
				ALWAYS_SEARCH_USER_PATHS = NO;
				CLANG_ANALYZER_NONNULL = YES;
				CLANG_ANALYZER_NUMBER_OBJECT_CONVERSION = YES_AGGRESSIVE;
				CLANG_CXX_LANGUAGE_STANDARD = "gnu++17";
				CLANG_CXX_LIBRARY = "libc++";
				CLANG_ENABLE_MODULES = YES;
				CLANG_ENABLE_OBJC_ARC = YES;
				CLANG_ENABLE_OBJC_WEAK = YES;
				CLANG_WARN_BLOCK_CAPTURE_AUTORELEASING = YES;
				CLANG_WARN_BOOL_CONVERSION = YES;
				CLANG_WARN_COMMA = YES;
				CLANG_WARN_CONSTANT_CONVERSION = YES;
				CLANG_WARN_DEPRECATED_OBJC_IMPLEMENTATIONS = YES;
				CLANG_WARN_DIRECT_OBJC_ISA_USAGE = YES_ERROR;
				CLANG_WARN_DOCUMENTATION_COMMENTS = YES;
				CLANG_WARN_EMPTY_BODY = YES;
				CLANG_WARN_ENUM_CONVERSION = YES;
				CLANG_WARN_INFINITE_RECURSION = YES;
				CLANG_WARN_INT_CONVERSION = YES;
				CLANG_WARN_NON_LITERAL_NULL_CONVERSION = YES;
				CLANG_WARN_OBJC_IMPLICIT_RETAIN_SELF = YES;
				CLANG_WARN_OBJC_LITERAL_CONVERSION = YES;
				CLANG_WARN_OBJC_ROOT_CLASS = YES_ERROR;
				CLANG_WARN_QUOTED_INCLUDE_IN_FRAMEWORK_HEADER = YES;
				CLANG_WARN_RANGE_LOOP_ANALYSIS = YES;
				CLANG_WARN_STRICT_PROTOTYPES = YES;
				CLANG_WARN_SUSPICIOUS_MOVE = YES;
				CLANG_WARN_UNGUARDED_AVAILABILITY = YES_AGGRESSIVE;
				CLANG_WARN_UNREACHABLE_CODE = YES;
				CLANG_WARN__DUPLICATE_METHOD_MATCH = YES;
				COPY_PHASE_STRIP = NO;
				DEBUG_INFORMATION_FORMAT = dwarf;
				ENABLE_STRICT_OBJC_MSGSEND = YES;
				ENABLE_TESTABILITY = YES;
				GCC_C_LANGUAGE_STANDARD = gnu11;
				GCC_DYNAMIC_NO_PIC = NO;
				GCC_NO_COMMON_BLOCKS = YES;
				GCC_OPTIMIZATION_LEVEL = 0;
				GCC_PREPROCESSOR_DEFINITIONS = (
					"DEBUG=1",
					"$(inherited)",
				);
				GCC_WARN_64_TO_32_BIT_CONVERSION = YES;
				GCC_WARN_ABOUT_RETURN_TYPE = YES_ERROR;
				GCC_WARN_UNDECLARED_SELECTOR = YES;
				GCC_WARN_UNINITIALIZED_AUTOS = YES_AGGRESSIVE;
				GCC_WARN_UNUSED_FUNCTION = YES;
				GCC_WARN_UNUSED_VARIABLE = YES;
				IPHONEOS_DEPLOYMENT_TARGET = 15.0;
				MTL_ENABLE_DEBUG_INFO = INCLUDE_SOURCE;
				MTL_FAST_MATH = YES;
				ONLY_ACTIVE_ARCH = YES;
				SDKROOT = iphoneos;
				SWIFT_ACTIVE_COMPILATION_CONDITIONS = DEBUG;
				SWIFT_OPTIMIZATION_LEVEL = "-Onone";
			};
			name = Debug;
		};
		688F2C742748E18300CFEE59 /* Release */ = {
			isa = XCBuildConfiguration;
			buildSettings = {
				ALWAYS_SEARCH_USER_PATHS = NO;
				CLANG_ANALYZER_NONNULL = YES;
				CLANG_ANALYZER_NUMBER_OBJECT_CONVERSION = YES_AGGRESSIVE;
				CLANG_CXX_LANGUAGE_STANDARD = "gnu++17";
				CLANG_CXX_LIBRARY = "libc++";
				CLANG_ENABLE_MODULES = YES;
				CLANG_ENABLE_OBJC_ARC = YES;
				CLANG_ENABLE_OBJC_WEAK = YES;
				CLANG_WARN_BLOCK_CAPTURE_AUTORELEASING = YES;
				CLANG_WARN_BOOL_CONVERSION = YES;
				CLANG_WARN_COMMA = YES;
				CLANG_WARN_CONSTANT_CONVERSION = YES;
				CLANG_WARN_DEPRECATED_OBJC_IMPLEMENTATIONS = YES;
				CLANG_WARN_DIRECT_OBJC_ISA_USAGE = YES_ERROR;
				CLANG_WARN_DOCUMENTATION_COMMENTS = YES;
				CLANG_WARN_EMPTY_BODY = YES;
				CLANG_WARN_ENUM_CONVERSION = YES;
				CLANG_WARN_INFINITE_RECURSION = YES;
				CLANG_WARN_INT_CONVERSION = YES;
				CLANG_WARN_NON_LITERAL_NULL_CONVERSION = YES;
				CLANG_WARN_OBJC_IMPLICIT_RETAIN_SELF = YES;
				CLANG_WARN_OBJC_LITERAL_CONVERSION = YES;
				CLANG_WARN_OBJC_ROOT_CLASS = YES_ERROR;
				CLANG_WARN_QUOTED_INCLUDE_IN_FRAMEWORK_HEADER = YES;
				CLANG_WARN_RANGE_LOOP_ANALYSIS = YES;
				CLANG_WARN_STRICT_PROTOTYPES = YES;
				CLANG_WARN_SUSPICIOUS_MOVE = YES;
				CLANG_WARN_UNGUARDED_AVAILABILITY = YES_AGGRESSIVE;
				CLANG_WARN_UNREACHABLE_CODE = YES;
				CLANG_WARN__DUPLICATE_METHOD_MATCH = YES;
				COPY_PHASE_STRIP = NO;
				DEBUG_INFORMATION_FORMAT = "dwarf-with-dsym";
				ENABLE_NS_ASSERTIONS = NO;
				ENABLE_STRICT_OBJC_MSGSEND = YES;
				GCC_C_LANGUAGE_STANDARD = gnu11;
				GCC_NO_COMMON_BLOCKS = YES;
				GCC_WARN_64_TO_32_BIT_CONVERSION = YES;
				GCC_WARN_ABOUT_RETURN_TYPE = YES_ERROR;
				GCC_WARN_UNDECLARED_SELECTOR = YES;
				GCC_WARN_UNINITIALIZED_AUTOS = YES_AGGRESSIVE;
				GCC_WARN_UNUSED_FUNCTION = YES;
				GCC_WARN_UNUSED_VARIABLE = YES;
				IPHONEOS_DEPLOYMENT_TARGET = 15.0;
				MTL_ENABLE_DEBUG_INFO = NO;
				MTL_FAST_MATH = YES;
				SDKROOT = iphoneos;
				SWIFT_COMPILATION_MODE = wholemodule;
				SWIFT_OPTIMIZATION_LEVEL = "-O";
				VALIDATE_PRODUCT = YES;
			};
			name = Release;
		};
		688F2C762748E18300CFEE59 /* Debug */ = {
			isa = XCBuildConfiguration;
			buildSettings = {
				ASSETCATALOG_COMPILER_APPICON_NAME = AppIcon;
				ASSETCATALOG_COMPILER_GLOBAL_ACCENT_COLOR_NAME = AccentColor;
				CODE_SIGN_STYLE = Automatic;
				CURRENT_PROJECT_VERSION = 1;
				DEVELOPMENT_TEAM = PH4972QXB9;
				GENERATE_INFOPLIST_FILE = YES;
				INFOPLIST_FILE = camerafilterapp/Info.plist;
				INFOPLIST_KEY_UIApplicationSupportsIndirectInputEvents = YES;
				INFOPLIST_KEY_UILaunchStoryboardName = LaunchScreen;
				INFOPLIST_KEY_UIMainStoryboardFile = Main;
				INFOPLIST_KEY_UISupportedInterfaceOrientations_iPad = "UIInterfaceOrientationPortrait UIInterfaceOrientationPortraitUpsideDown UIInterfaceOrientationLandscapeLeft UIInterfaceOrientationLandscapeRight";
				INFOPLIST_KEY_UISupportedInterfaceOrientations_iPhone = "UIInterfaceOrientationPortrait UIInterfaceOrientationLandscapeLeft UIInterfaceOrientationLandscapeRight";
				LD_RUNPATH_SEARCH_PATHS = (
					"$(inherited)",
					"@executable_path/Frameworks",
				);
				MARKETING_VERSION = 1.0;
				PRODUCT_BUNDLE_IDENTIFIER = xyz.ahmadryuzaki.camerafilterapp;
				PRODUCT_NAME = "$(TARGET_NAME)";
				SWIFT_EMIT_LOC_STRINGS = YES;
				SWIFT_VERSION = 5.0;
				TARGETED_DEVICE_FAMILY = "1,2";
			};
			name = Debug;
		};
		688F2C772748E18300CFEE59 /* Release */ = {
			isa = XCBuildConfiguration;
			buildSettings = {
				ASSETCATALOG_COMPILER_APPICON_NAME = AppIcon;
				ASSETCATALOG_COMPILER_GLOBAL_ACCENT_COLOR_NAME = AccentColor;
				CODE_SIGN_STYLE = Automatic;
				CURRENT_PROJECT_VERSION = 1;
				DEVELOPMENT_TEAM = PH4972QXB9;
				GENERATE_INFOPLIST_FILE = YES;
				INFOPLIST_FILE = camerafilterapp/Info.plist;
				INFOPLIST_KEY_UIApplicationSupportsIndirectInputEvents = YES;
				INFOPLIST_KEY_UILaunchStoryboardName = LaunchScreen;
				INFOPLIST_KEY_UIMainStoryboardFile = Main;
				INFOPLIST_KEY_UISupportedInterfaceOrientations_iPad = "UIInterfaceOrientationPortrait UIInterfaceOrientationPortraitUpsideDown UIInterfaceOrientationLandscapeLeft UIInterfaceOrientationLandscapeRight";
				INFOPLIST_KEY_UISupportedInterfaceOrientations_iPhone = "UIInterfaceOrientationPortrait UIInterfaceOrientationLandscapeLeft UIInterfaceOrientationLandscapeRight";
				LD_RUNPATH_SEARCH_PATHS = (
					"$(inherited)",
					"@executable_path/Frameworks",
				);
				MARKETING_VERSION = 1.0;
				PRODUCT_BUNDLE_IDENTIFIER = xyz.ahmadryuzaki.camerafilterapp;
				PRODUCT_NAME = "$(TARGET_NAME)";
				SWIFT_EMIT_LOC_STRINGS = YES;
				SWIFT_VERSION = 5.0;
				TARGETED_DEVICE_FAMILY = "1,2";
			};
			name = Release;
		};
		688F2C792748E18300CFEE59 /* Debug */ = {
			isa = XCBuildConfiguration;
			buildSettings = {
				ALWAYS_EMBED_SWIFT_STANDARD_LIBRARIES = YES;
				BUNDLE_LOADER = "$(TEST_HOST)";
				CODE_SIGN_STYLE = Automatic;
				CURRENT_PROJECT_VERSION = 1;
				DEVELOPMENT_TEAM = PH4972QXB9;
				GENERATE_INFOPLIST_FILE = YES;
				IPHONEOS_DEPLOYMENT_TARGET = 15.0;
				LD_RUNPATH_SEARCH_PATHS = (
					"$(inherited)",
					"@executable_path/Frameworks",
					"@loader_path/Frameworks",
				);
				MARKETING_VERSION = 1.0;
				PRODUCT_BUNDLE_IDENTIFIER = xyz.ahmadryuzaki.camerafilterappTests;
				PRODUCT_NAME = "$(TARGET_NAME)";
				SWIFT_EMIT_LOC_STRINGS = NO;
				SWIFT_VERSION = 5.0;
				TARGETED_DEVICE_FAMILY = "1,2";
				TEST_HOST = "$(BUILT_PRODUCTS_DIR)/camerafilterapp.app/camerafilterapp";
			};
			name = Debug;
		};
		688F2C7A2748E18300CFEE59 /* Release */ = {
			isa = XCBuildConfiguration;
			buildSettings = {
				ALWAYS_EMBED_SWIFT_STANDARD_LIBRARIES = YES;
				BUNDLE_LOADER = "$(TEST_HOST)";
				CODE_SIGN_STYLE = Automatic;
				CURRENT_PROJECT_VERSION = 1;
				DEVELOPMENT_TEAM = PH4972QXB9;
				GENERATE_INFOPLIST_FILE = YES;
				IPHONEOS_DEPLOYMENT_TARGET = 15.0;
				LD_RUNPATH_SEARCH_PATHS = (
					"$(inherited)",
					"@executable_path/Frameworks",
					"@loader_path/Frameworks",
				);
				MARKETING_VERSION = 1.0;
				PRODUCT_BUNDLE_IDENTIFIER = xyz.ahmadryuzaki.camerafilterappTests;
				PRODUCT_NAME = "$(TARGET_NAME)";
				SWIFT_EMIT_LOC_STRINGS = NO;
				SWIFT_VERSION = 5.0;
				TARGETED_DEVICE_FAMILY = "1,2";
				TEST_HOST = "$(BUILT_PRODUCTS_DIR)/camerafilterapp.app/camerafilterapp";
			};
			name = Release;
		};
		688F2C7C2748E18300CFEE59 /* Debug */ = {
			isa = XCBuildConfiguration;
			buildSettings = {
				ALWAYS_EMBED_SWIFT_STANDARD_LIBRARIES = YES;
				CODE_SIGN_STYLE = Automatic;
				CURRENT_PROJECT_VERSION = 1;
				DEVELOPMENT_TEAM = PH4972QXB9;
				GENERATE_INFOPLIST_FILE = YES;
				LD_RUNPATH_SEARCH_PATHS = (
					"$(inherited)",
					"@executable_path/Frameworks",
					"@loader_path/Frameworks",
				);
				MARKETING_VERSION = 1.0;
				PRODUCT_BUNDLE_IDENTIFIER = xyz.ahmadryuzaki.camerafilterappUITests;
				PRODUCT_NAME = "$(TARGET_NAME)";
				SWIFT_EMIT_LOC_STRINGS = NO;
				SWIFT_VERSION = 5.0;
				TARGETED_DEVICE_FAMILY = "1,2";
				TEST_TARGET_NAME = camerafilterapp;
			};
			name = Debug;
		};
		688F2C7D2748E18300CFEE59 /* Release */ = {
			isa = XCBuildConfiguration;
			buildSettings = {
				ALWAYS_EMBED_SWIFT_STANDARD_LIBRARIES = YES;
				CODE_SIGN_STYLE = Automatic;
				CURRENT_PROJECT_VERSION = 1;
				DEVELOPMENT_TEAM = PH4972QXB9;
				GENERATE_INFOPLIST_FILE = YES;
				LD_RUNPATH_SEARCH_PATHS = (
					"$(inherited)",
					"@executable_path/Frameworks",
					"@loader_path/Frameworks",
				);
				MARKETING_VERSION = 1.0;
				PRODUCT_BUNDLE_IDENTIFIER = xyz.ahmadryuzaki.camerafilterappUITests;
				PRODUCT_NAME = "$(TARGET_NAME)";
				SWIFT_EMIT_LOC_STRINGS = NO;
				SWIFT_VERSION = 5.0;
				TARGETED_DEVICE_FAMILY = "1,2";
				TEST_TARGET_NAME = camerafilterapp;
			};
			name = Release;
		};
/* End XCBuildConfiguration section */

/* Begin XCConfigurationList section */
		688F2C462748E18000CFEE59 /* Build configuration list for PBXProject "camerafilterapp" */ = {
			isa = XCConfigurationList;
			buildConfigurations = (
				688F2C732748E18300CFEE59 /* Debug */,
				688F2C742748E18300CFEE59 /* Release */,
			);
			defaultConfigurationIsVisible = 0;
			defaultConfigurationName = Release;
		};
		688F2C752748E18300CFEE59 /* Build configuration list for PBXNativeTarget "camerafilterapp" */ = {
			isa = XCConfigurationList;
			buildConfigurations = (
				688F2C762748E18300CFEE59 /* Debug */,
				688F2C772748E18300CFEE59 /* Release */,
			);
			defaultConfigurationIsVisible = 0;
			defaultConfigurationName = Release;
		};
		688F2C782748E18300CFEE59 /* Build configuration list for PBXNativeTarget "camerafilterappTests" */ = {
			isa = XCConfigurationList;
			buildConfigurations = (
				688F2C792748E18300CFEE59 /* Debug */,
				688F2C7A2748E18300CFEE59 /* Release */,
			);
			defaultConfigurationIsVisible = 0;
			defaultConfigurationName = Release;
		};
		688F2C7B2748E18300CFEE59 /* Build configuration list for PBXNativeTarget "camerafilterappUITests" */ = {
			isa = XCConfigurationList;
			buildConfigurations = (
				688F2C7C2748E18300CFEE59 /* Debug */,
				688F2C7D2748E18300CFEE59 /* Release */,
			);
			defaultConfigurationIsVisible = 0;
			defaultConfigurationName = Release;
		};
/* End XCConfigurationList section */
	};
	rootObject = 688F2C432748E18000CFEE59 /* Project object */;
}
